
Microsoft Visual Studio Solution File, Format Version 12.00
# Visual Studio 15
VisualStudioVersion = 15.0.28307.2092
MinimumVisualStudioVersion = 10.0.40219.1
Project("{FAE04EC0-301F-11D3-BF4B-00C04F79EFBC}") = "ETicket2", "ETicket2\ETicket2.csproj", "{90B111B0-7199-4B65-BFCB-F943CCF9F103}"
EndProject
Global
	GlobalSection(SolutionConfigurationPlatforms) = preSolution
		Debug|Any CPU = Debug|Any CPU
		Release|Any CPU = Release|Any CPU
	EndGlobalSection
	GlobalSection(ProjectConfigurationPlatforms) = postSolution
		{90B111B0-7199-4B65-BFCB-F943CCF9F103}.Debug|Any CPU.ActiveCfg = Debug|Any CPU
		{90B111B0-7199-4B65-BFCB-F943CCF9F103}.Debug|Any CPU.Build.0 = Debug|Any CPU
		{90B111B0-7199-4B65-BFCB-F943CCF9F103}.Release|Any CPU.ActiveCfg = Release|Any CPU
		{90B111B0-7199-4B65-BFCB-F943CCF9F103}.Release|Any CPU.Build.0 = Release|Any CPU
	EndGlobalSection
	GlobalSection(SolutionProperties) = preSolution
		HideSolutionNode = FALSE
	EndGlobalSection
	GlobalSection(ExtensibilityGlobals) = postSolution
		SolutionGuid = {457A7F44-E796-4981-9645-7A783286270F}
	EndGlobalSection
EndGlobal
